
Microsoft Visual Studio Solution File, Format Version 12.00
# Visual Studio Version 16
VisualStudioVersion = 16.0.32929.386
MinimumVisualStudioVersion = 10.0.40219.1
Project("{FAE04EC0-301F-11D3-BF4B-00C04F79EFBC}") = "CadastreManagment", "CadastreManagment\CadastreManagment.csproj", "{3A99CF80-87B1-4E4A-BBE7-D7E107E270BC}"
EndProject
Global
	GlobalSection(SolutionConfigurationPlatforms) = preSolution
		Debug|Any CPU = Debug|Any CPU
		Release|Any CPU = Release|Any CPU
	EndGlobalSection
	GlobalSection(ProjectConfigurationPlatforms) = postSolution
		{3A99CF80-87B1-4E4A-BBE7-D7E107E270BC}.Debug|Any CPU.ActiveCfg = Debug|Any CPU
		{3A99CF80-87B1-4E4A-BBE7-D7E107E270BC}.Debug|Any CPU.Build.0 = Debug|Any CPU
		{3A99CF80-87B1-4E4A-BBE7-D7E107E270BC}.Release|Any CPU.ActiveCfg = Release|Any CPU
		{3A99CF80-87B1-4E4A-BBE7-D7E107E270BC}.Release|Any CPU.Build.0 = Release|Any CPU
	EndGlobalSection
	GlobalSection(SolutionProperties) = preSolution
		HideSolutionNode = FALSE
	EndGlobalSection
	GlobalSection(ExtensibilityGlobals) = postSolution
		SolutionGuid = {ADAB160B-37FC-40FF-8636-E04CB5C5DAB3}
	EndGlobalSection
EndGlobal
